# THIS IS AN AUTOGENERATED FILE. DO NOT EDIT THIS FILE DIRECTLY.
# yarn lockfile v1


dayjs@^1.10.7:
  version "1.10.7"
  resolved "https://registry.npmjs.org/dayjs/-/dayjs-1.10.7.tgz#2cf5f91add28116748440866a0a1d26f3a6ce468"
  integrity sha512-P6twpd70BcPK34K26uJ1KT3wlhpuOAPoMwJzpsIWUxHZ7wpmbdZL/hQqBDfz7hGurYSa5PhzdhDHtt319hL3ig==

git-repo-info@^2.1.1:
  version "2.1.1"
  resolved "https://registry.npmjs.org/git-repo-info/-/git-repo-info-2.1.1.tgz#220ffed8cbae74ef8a80e3052f2ccb5179aed058"
  integrity sha512-8aCohiDo4jwjOwma4FmYFd3i97urZulL8XL24nIPxuE+GZnfsAyy/g2Shqx6OjUiFKUXZM+Yy+KHnOmmA3FVcg==
